
Microsoft Visual Studio Solution File, Format Version 12.00
# Visual Studio 15
Project("{FAE04EC0-301F-11D3-BF4B-00C04F79EFBC}") = "Skylight", "Skylight\Skylight.csproj", "{39685F7C-8E0B-4004-8230-25AAE47940F7}"
EndProject
Project("{FAE04EC0-301F-11D3-BF4B-00C04F79EFBC}") = "Skylight.Test", "Skylight.Test\Skylight.Test.csproj", "{ADAA138E-691C-44EB-A3C9-24A1EC299C1C}"
EndProject
Global
	GlobalSection(SolutionConfigurationPlatforms) = preSolution
		Debug|iPhoneSimulator = Debug|iPhoneSimulator
		Release|iPhoneSimulator = Release|iPhoneSimulator
		Debug|iPhone = Debug|iPhone
		Release|iPhone = Release|iPhone
	EndGlobalSection
	GlobalSection(ProjectConfigurationPlatforms) = postSolution
		{39685F7C-8E0B-4004-8230-25AAE47940F7}.Debug|iPhoneSimulator.ActiveCfg = Debug|iPhoneSimulator
		{39685F7C-8E0B-4004-8230-25AAE47940F7}.Debug|iPhoneSimulator.Build.0 = Debug|iPhoneSimulator
		{39685F7C-8E0B-4004-8230-25AAE47940F7}.Release|iPhoneSimulator.ActiveCfg = Release|iPhoneSimulator
		{39685F7C-8E0B-4004-8230-25AAE47940F7}.Release|iPhoneSimulator.Build.0 = Release|iPhoneSimulator
		{39685F7C-8E0B-4004-8230-25AAE47940F7}.Debug|iPhone.ActiveCfg = Debug|iPhone
		{39685F7C-8E0B-4004-8230-25AAE47940F7}.Debug|iPhone.Build.0 = Debug|iPhone
		{39685F7C-8E0B-4004-8230-25AAE47940F7}.Release|iPhone.ActiveCfg = Release|iPhone
		{39685F7C-8E0B-4004-8230-25AAE47940F7}.Release|iPhone.Build.0 = Release|iPhone
		{ADAA138E-691C-44EB-A3C9-24A1EC299C1C}.Debug|iPhoneSimulator.ActiveCfg = Debug|iPhoneSimulator
		{ADAA138E-691C-44EB-A3C9-24A1EC299C1C}.Debug|iPhoneSimulator.Build.0 = Debug|iPhoneSimulator
		{ADAA138E-691C-44EB-A3C9-24A1EC299C1C}.Release|iPhoneSimulator.ActiveCfg = Release|iPhoneSimulator
		{ADAA138E-691C-44EB-A3C9-24A1EC299C1C}.Release|iPhoneSimulator.Build.0 = Release|iPhoneSimulator
		{ADAA138E-691C-44EB-A3C9-24A1EC299C1C}.Debug|iPhone.ActiveCfg = Debug|iPhone
		{ADAA138E-691C-44EB-A3C9-24A1EC299C1C}.Debug|iPhone.Build.0 = Debug|iPhone
		{ADAA138E-691C-44EB-A3C9-24A1EC299C1C}.Release|iPhone.ActiveCfg = Release|iPhone
		{ADAA138E-691C-44EB-A3C9-24A1EC299C1C}.Release|iPhone.Build.0 = Release|iPhone
	EndGlobalSection
EndGlobal
